Microsoft Visual Studio Solution File, Format Version 11.00
# Visual Studio 2008

Project("{EC8E74DE-4356-9556-ACE8-732FF7816800}") = "Proof of concept build", "Assembly-CSharp.csproj", "{72EF2F65-C6E4-D75A-2AED-3C66905E475C}"
EndProject
Global
	GlobalSection(SolutionConfigurationPlatforms) = preSolution
		Debug|Any CPU = Debug|Any CPU
		Release|Any CPU = Release|Any CPU
	EndGlobalSection
	GlobalSection(ProjectConfigurationPlatforms) = postSolution
		{72EF2F65-C6E4-D75A-2AED-3C66905E475C}.Debug|Any CPU.ActiveCfg = Debug|Any CPU
		{72EF2F65-C6E4-D75A-2AED-3C66905E475C}.Debug|Any CPU.Build.0 = Debug|Any CPU
		{72EF2F65-C6E4-D75A-2AED-3C66905E475C}.Release|Any CPU.ActiveCfg = Release|Any CPU
		{72EF2F65-C6E4-D75A-2AED-3C66905E475C}.Release|Any CPU.Build.0 = Release|Any CPU
	EndGlobalSection
	GlobalSection(SolutionProperties) = preSolution
		HideSolutionNode = FALSE
	EndGlobalSection
	GlobalSection(MonoDevelopProperties) = preSolution
		StartupItem = Assembly-CSharp.csproj
	EndGlobalSection
EndGlobal
